
Microsoft Visual Studio Solution File, Format Version 12.00
# Visual Studio Version 16
VisualStudioVersion = 16.0.29613.14
MinimumVisualStudioVersion = 10.0.40219.1
Project("{9A19103F-16F7-4668-BE54-9A1E7A4F7556}") = "test", "test\test.csproj", "{4AEF3362-6F34-406E-9A79-F715F28B5677}"
EndProject
Project("{FAE04EC0-301F-11D3-BF4B-00C04F79EFBC}") = "zifuchuan", "zifuchuan\zifuchuan.csproj", "{C435C1A9-977D-4AC8-8F96-D2CC0F63FD2B}"
EndProject
Global
	GlobalSection(SolutionConfigurationPlatforms) = preSolution
		Debug|Any CPU = Debug|Any CPU
		Release|Any CPU = Release|Any CPU
	EndGlobalSection
	GlobalSection(ProjectConfigurationPlatforms) = postSolution
		{4AEF3362-6F34-406E-9A79-F715F28B5677}.Debug|Any CPU.ActiveCfg = Debug|Any CPU
		{4AEF3362-6F34-406E-9A79-F715F28B5677}.Debug|Any CPU.Build.0 = Debug|Any CPU
		{4AEF3362-6F34-406E-9A79-F715F28B5677}.Release|Any CPU.ActiveCfg = Release|Any CPU
		{4AEF3362-6F34-406E-9A79-F715F28B5677}.Release|Any CPU.Build.0 = Release|Any CPU
		{C435C1A9-977D-4AC8-8F96-D2CC0F63FD2B}.Debug|Any CPU.ActiveCfg = Debug|Any CPU
		{C435C1A9-977D-4AC8-8F96-D2CC0F63FD2B}.Debug|Any CPU.Build.0 = Debug|Any CPU
		{C435C1A9-977D-4AC8-8F96-D2CC0F63FD2B}.Release|Any CPU.ActiveCfg = Release|Any CPU
		{C435C1A9-977D-4AC8-8F96-D2CC0F63FD2B}.Release|Any CPU.Build.0 = Release|Any CPU
	EndGlobalSection
	GlobalSection(SolutionProperties) = preSolution
		HideSolutionNode = FALSE
	EndGlobalSection
	GlobalSection(ExtensibilityGlobals) = postSolution
		SolutionGuid = {949646B0-A345-401F-9C69-3D79ECD033D4}
	EndGlobalSection
EndGlobal
